
Microsoft Visual Studio Solution File, Format Version 12.00
# Visual Studio Version 16
VisualStudioVersion = 16.0.34031.81
MinimumVisualStudioVersion = 10.0.40219.1
Project("{2150E333-8FDC-42A3-9474-1A3956D46DE8}") = "Task0", "Task0", "{696F8A49-8B7F-4FB5-BE92-5683A732BBEE}"
EndProject
Project("{FAE04EC0-301F-11D3-BF4B-00C04F79EFBC}") = "Tyuiu.KhramovNA.Sprint3.Task0.V12", "Tyuiu.KhramovNA.Sprint3.Task0.V12\Tyuiu.KhramovNA.Sprint3.Task0.V12.csproj", "{E89FDE7A-7F98-4F92-BFAB-21E1BDB7DD76}"
EndProject
Project("{FAE04EC0-301F-11D3-BF4B-00C04F79EFBC}") = "Tyuiu.KhramovNA.Sprint3.Task0.V12.Lib", "Tyuiu.KhramovNA.Sprint3.Task0.V12.Lib\Tyuiu.KhramovNA.Sprint3.Task0.V12.Lib.csproj", "{05A5F4EF-8DCB-4953-A045-352FE2DF647C}"
EndProject
Project("{FAE04EC0-301F-11D3-BF4B-00C04F79EFBC}") = "Tyuiu.KhramovNA.Sprint3.Task0.V12.Test", "Tyuiu.KhramovNA.Sprint3.Task0.V12.Test\Tyuiu.KhramovNA.Sprint3.Task0.V12.Test.csproj", "{0D6E73F4-B782-4138-A0F1-222705FE1204}"
EndProject
Project("{2150E333-8FDC-42A3-9474-1A3956D46DE8}") = "Task1", "Task1", "{16812C4A-121F-48FF-A088-39544D8FADD0}"
EndProject
Project("{FAE04EC0-301F-11D3-BF4B-00C04F79EFBC}") = "Tyuiu.KhramovNA.Sprint3.Task1.V21", "Tyuiu.KhramovNA.Sprint3.Task1.V21\Tyuiu.KhramovNA.Sprint3.Task1.V21.csproj", "{81CF5D1E-8751-45A0-AE04-2362039751FB}"
EndProject
Project("{FAE04EC0-301F-11D3-BF4B-00C04F79EFBC}") = "Tyuiu.KhramovNA.Sprint3.Task1.V21.Lib", "Tyuiu.KhramovNA.Sprint3.Task1.V21.Lib\Tyuiu.KhramovNA.Sprint3.Task1.V21.Lib.csproj", "{B1B0640F-91BA-482A-855C-D8380390DAE7}"
EndProject
Project("{FAE04EC0-301F-11D3-BF4B-00C04F79EFBC}") = "Tyuiu.KhramovNA.Sprint3.Task1.V21.Test", "Tyuiu.KhramovNA.Sprint3.Task1.V21.Test\Tyuiu.KhramovNA.Sprint3.Task1.V21.Test.csproj", "{9753E140-8A7D-4CD9-BF86-958BF109E648}"
EndProject
Project("{2150E333-8FDC-42A3-9474-1A3956D46DE8}") = "Task2", "Task2", "{2B144CB4-F256-4C31-AEBF-8A51F24D524C}"
EndProject
Project("{FAE04EC0-301F-11D3-BF4B-00C04F79EFBC}") = "Tyuiu.KhramovNA.Sprint3.Task2.V21", "Tyuiu.KhramovNA.Sprint3.Task2.V21\Tyuiu.KhramovNA.Sprint3.Task2.V21.csproj", "{CBC8F02F-1CEC-4466-AA14-98A6A1650ADE}"
EndProject
Project("{FAE04EC0-301F-11D3-BF4B-00C04F79EFBC}") = "Tyuiu.KhramovNA.Sprint3.Task2.V21.Lib", "Tyuiu.KhramovNA.Sprint3.Task2.V21.Lib\Tyuiu.KhramovNA.Sprint3.Task2.V21.Lib.csproj", "{9D9A068D-2407-4A80-A71C-0D9E73E7B682}"
EndProject
Project("{FAE04EC0-301F-11D3-BF4B-00C04F79EFBC}") = "Tyuiu.KhramovNA.Sprint3.Task2.V21.Test", "Tyuiu.KhramovNA.Sprint3.Task2.V21.Test\Tyuiu.KhramovNA.Sprint3.Task2.V21.Test.csproj", "{94FAF080-ABB5-4F91-8A5E-4A058D412EF0}"
EndProject
Project("{2150E333-8FDC-42A3-9474-1A3956D46DE8}") = "Task3", "Task3", "{A0785E1A-3E74-42A7-A060-4CDA394B1078}"
EndProject
Project("{FAE04EC0-301F-11D3-BF4B-00C04F79EFBC}") = "Tyuiu.KhramovNA.Sprint3.Task3.V5", "Tyuiu.KhramovNA.Sprint3.Task3.V5\Tyuiu.KhramovNA.Sprint3.Task3.V5.csproj", "{245A8A23-36F5-43AA-B2D1-BB098C40A30C}"
EndProject
Project("{FAE04EC0-301F-11D3-BF4B-00C04F79EFBC}") = "Tyuiu.KhramovNA.Sprint3.Task3.V5.Lib", "Tyuiu.KhramovNA.Sprint3.Task3.V5.Lib\Tyuiu.KhramovNA.Sprint3.Task3.V5.Lib.csproj", "{DF151CE9-86A3-43B2-8E20-05497F2DCF19}"
EndProject
Project("{FAE04EC0-301F-11D3-BF4B-00C04F79EFBC}") = "Tyuiu.KhramovNA.Sprint3.Task3.V5.Test", "Tyuiu.KhramovNA.Sprint3.Task3.V5.Test\Tyuiu.KhramovNA.Sprint3.Task3.V5.Test.csproj", "{68F0AE99-F5C8-4233-89F8-AB9CFCB1E980}"
EndProject
Project("{2150E333-8FDC-42A3-9474-1A3956D46DE8}") = "Task4", "Task4", "{9F5E2372-7BFE-44C9-8546-D477FA295FD2}"
EndProject
Project("{FAE04EC0-301F-11D3-BF4B-00C04F79EFBC}") = "Tyuiu.KhramovNA.Sprint3.Task4.V2", "Tyuiu.KhramovNA.Sprint3.Task4.V2\Tyuiu.KhramovNA.Sprint3.Task4.V2.csproj", "{5CA1F318-C6F0-4468-8AC4-A618E8B7443C}"
EndProject
Project("{FAE04EC0-301F-11D3-BF4B-00C04F79EFBC}") = "Tyuiu.KhramovNA.Sprint3.Task4.V2.Lib", "Tyuiu.KhramovNA.Sprint3.Task4.V2.Lib\Tyuiu.KhramovNA.Sprint3.Task4.V2.Lib.csproj", "{A9D33593-8206-4DC1-83B8-42398632916A}"
EndProject
Project("{FAE04EC0-301F-11D3-BF4B-00C04F79EFBC}") = "Tyuiu.KhramovNA.Sprint3.Task4.V2.Test", "Tyuiu.KhramovNA.Sprint3.Task4.V2.Test\Tyuiu.KhramovNA.Sprint3.Task4.V2.Test.csproj", "{E1557430-BEFA-45D3-AEA1-963AF0980FE8}"
EndProject
Project("{2150E333-8FDC-42A3-9474-1A3956D46DE8}") = "Task5", "Task5", "{2EC2D595-D97A-4742-8DBD-9DC67FB1ADB3}"
EndProject
Project("{FAE04EC0-301F-11D3-BF4B-00C04F79EFBC}") = "Tyuiu.KhramovNA.Sprint3.Task5.V26", "Tyuiu.KhramovNA.Sprint3.Task5.V26\Tyuiu.KhramovNA.Sprint3.Task5.V26.csproj", "{1B8A1489-551D-481D-AA64-5A6F469BF858}"
EndProject
Project("{FAE04EC0-301F-11D3-BF4B-00C04F79EFBC}") = "Tyuiu.KhramovNA.Sprint3.Task5.V26.Lib", "Tyuiu.KhramovNA.Sprint3.Task5.V26.Lib\Tyuiu.KhramovNA.Sprint3.Task5.V26.Lib.csproj", "{8FB20E7F-25B8-4FB1-9FC5-FA916185F2DA}"
EndProject
Project("{FAE04EC0-301F-11D3-BF4B-00C04F79EFBC}") = "Tyuiu.KhramovNA.Sprint3.Task5.V26.Test", "Tyuiu.KhramovNA.Sprint3.Task5.V26.Test\Tyuiu.KhramovNA.Sprint3.Task5.V26.Test.csproj", "{CF439E98-F10E-4422-AC6A-7BAC780FFCE6}"
EndProject
Project("{2150E333-8FDC-42A3-9474-1A3956D46DE8}") = "Task6", "Task6", "{5BA3D520-917E-4A89-AF69-5CD9D4CE9883}"
EndProject
Project("{FAE04EC0-301F-11D3-BF4B-00C04F79EFBC}") = "Tyuiu.KhramovNA.Sprint3.Task6.V28", "Tyuiu.KhramovNA.Sprint3.Task6.V28\Tyuiu.KhramovNA.Sprint3.Task6.V28.csproj", "{4902C6CC-3107-41EC-AE74-E57DE128EF3B}"
EndProject
Project("{FAE04EC0-301F-11D3-BF4B-00C04F79EFBC}") = "Tyuiu.KhramovNA.Sprint3.Task6.V28.Lib", "Tyuiu.KhramovNA.Sprint3.Task6.V28.Lib\Tyuiu.KhramovNA.Sprint3.Task6.V28.Lib.csproj", "{DB6CAD2E-6FB2-4B3E-8B91-430D2E3E1DAB}"
EndProject
Project("{FAE04EC0-301F-11D3-BF4B-00C04F79EFBC}") = "Tyuiu.KhramovNA.Sprint3.Task6.V28.Test", "Tyuiu.KhramovNA.Sprint3.Task6.V28.Test\Tyuiu.KhramovNA.Sprint3.Task6.V28.Test.csproj", "{A6DB6B40-47E6-419D-8D6B-7238B3771C53}"
EndProject
Project("{2150E333-8FDC-42A3-9474-1A3956D46DE8}") = "Task7", "Task7", "{D3E7E665-B085-4E24-88B9-332A1717B45F}"
EndProject
Project("{FAE04EC0-301F-11D3-BF4B-00C04F79EFBC}") = "Tyuiu.KhramovNA.Sprint3.Task7.V22", "Tyuiu.KhramovNA.Sprint3.Task7.V22\Tyuiu.KhramovNA.Sprint3.Task7.V22.csproj", "{F6BC6BA0-F163-4B43-8010-3B83E0561E96}"
EndProject
Project("{FAE04EC0-301F-11D3-BF4B-00C04F79EFBC}") = "Tyuiu.KhramovNA.Sprint3.Task7.V22.Lib", "Tyuiu.KhramovNA.Sprint3.Task7.V22.Lib\Tyuiu.KhramovNA.Sprint3.Task7.V22.Lib.csproj", "{4CD4A636-F1CB-49E7-8F95-89DE8A3A4A6F}"
EndProject
Project("{FAE04EC0-301F-11D3-BF4B-00C04F79EFBC}") = "Tyuiu.KhramovNA.Sprint3.Task7.V22.Test", "Tyuiu.KhramovNA.Sprint3.Task7.V22.Test\Tyuiu.KhramovNA.Sprint3.Task7.V22.Test.csproj", "{CC3184BE-F51D-4D7E-8E38-99369E69707A}"
EndProject
Global
	GlobalSection(SolutionConfigurationPlatforms) = preSolution
		Debug|Any CPU = Debug|Any CPU
		Release|Any CPU = Release|Any CPU
	EndGlobalSection
	GlobalSection(ProjectConfigurationPlatforms) = postSolution
		{E89FDE7A-7F98-4F92-BFAB-21E1BDB7DD76}.Debug|Any CPU.ActiveCfg = Debug|Any CPU
		{E89FDE7A-7F98-4F92-BFAB-21E1BDB7DD76}.Debug|Any CPU.Build.0 = Debug|Any CPU
		{E89FDE7A-7F98-4F92-BFAB-21E1BDB7DD76}.Release|Any CPU.ActiveCfg = Release|Any CPU
		{E89FDE7A-7F98-4F92-BFAB-21E1BDB7DD76}.Release|Any CPU.Build.0 = Release|Any CPU
		{05A5F4EF-8DCB-4953-A045-352FE2DF647C}.Debug|Any CPU.ActiveCfg = Debug|Any CPU
		{05A5F4EF-8DCB-4953-A045-352FE2DF647C}.Debug|Any CPU.Build.0 = Debug|Any CPU
		{05A5F4EF-8DCB-4953-A045-352FE2DF647C}.Release|Any CPU.ActiveCfg = Release|Any CPU
		{05A5F4EF-8DCB-4953-A045-352FE2DF647C}.Release|Any CPU.Build.0 = Release|Any CPU
		{0D6E73F4-B782-4138-A0F1-222705FE1204}.Debug|Any CPU.ActiveCfg = Debug|Any CPU
		{0D6E73F4-B782-4138-A0F1-222705FE1204}.Debug|Any CPU.Build.0 = Debug|Any CPU
		{0D6E73F4-B782-4138-A0F1-222705FE1204}.Release|Any CPU.ActiveCfg = Release|Any CPU
		{0D6E73F4-B782-4138-A0F1-222705FE1204}.Release|Any CPU.Build.0 = Release|Any CPU
		{81CF5D1E-8751-45A0-AE04-2362039751FB}.Debug|Any CPU.ActiveCfg = Debug|Any CPU
		{81CF5D1E-8751-45A0-AE04-2362039751FB}.Debug|Any CPU.Build.0 = Debug|Any CPU
		{81CF5D1E-8751-45A0-AE04-2362039751FB}.Release|Any CPU.ActiveCfg = Release|Any CPU
		{81CF5D1E-8751-45A0-AE04-2362039751FB}.Release|Any CPU.Build.0 = Release|Any CPU
		{B1B0640F-91BA-482A-855C-D8380390DAE7}.Debug|Any CPU.ActiveCfg = Debug|Any CPU
		{B1B0640F-91BA-482A-855C-D8380390DAE7}.Debug|Any CPU.Build.0 = Debug|Any CPU
		{B1B0640F-91BA-482A-855C-D8380390DAE7}.Release|Any CPU.ActiveCfg = Release|Any CPU
		{B1B0640F-91BA-482A-855C-D8380390DAE7}.Release|Any CPU.Build.0 = Release|Any CPU
		{9753E140-8A7D-4CD9-BF86-958BF109E648}.Debug|Any CPU.ActiveCfg = Debug|Any CPU
		{9753E140-8A7D-4CD9-BF86-958BF109E648}.Debug|Any CPU.Build.0 = Debug|Any CPU
		{9753E140-8A7D-4CD9-BF86-958BF109E648}.Release|Any CPU.ActiveCfg = Release|Any CPU
		{9753E140-8A7D-4CD9-BF86-958BF109E648}.Release|Any CPU.Build.0 = Release|Any CPU
		{CBC8F02F-1CEC-4466-AA14-98A6A1650ADE}.Debug|Any CPU.ActiveCfg = Debug|Any CPU
		{CBC8F02F-1CEC-4466-AA14-98A6A1650ADE}.Debug|Any CPU.Build.0 = Debug|Any CPU
		{CBC8F02F-1CEC-4466-AA14-98A6A1650ADE}.Release|Any CPU.ActiveCfg = Release|Any CPU
		{CBC8F02F-1CEC-4466-AA14-98A6A1650ADE}.Release|Any CPU.Build.0 = Release|Any CPU
		{9D9A068D-2407-4A80-A71C-0D9E73E7B682}.Debug|Any CPU.ActiveCfg = Debug|Any CPU
		{9D9A068D-2407-4A80-A71C-0D9E73E7B682}.Debug|Any CPU.Build.0 = Debug|Any CPU
		{9D9A068D-2407-4A80-A71C-0D9E73E7B682}.Release|Any CPU.ActiveCfg = Release|Any CPU
		{9D9A068D-2407-4A80-A71C-0D9E73E7B682}.Release|Any CPU.Build.0 = Release|Any CPU
		{94FAF080-ABB5-4F91-8A5E-4A058D412EF0}.Debug|Any CPU.ActiveCfg = Debug|Any CPU
		{94FAF080-ABB5-4F91-8A5E-4A058D412EF0}.Debug|Any CPU.Build.0 = Debug|Any CPU
		{94FAF080-ABB5-4F91-8A5E-4A058D412EF0}.Release|Any CPU.ActiveCfg = Release|Any CPU
		{94FAF080-ABB5-4F91-8A5E-4A058D412EF0}.Release|Any CPU.Build.0 = Release|Any CPU
		{245A8A23-36F5-43AA-B2D1-BB098C40A30C}.Debug|Any CPU.ActiveCfg = Debug|Any CPU
		{245A8A23-36F5-43AA-B2D1-BB098C40A30C}.Debug|Any CPU.Build.0 = Debug|Any CPU
		{245A8A23-36F5-43AA-B2D1-BB098C40A30C}.Release|Any CPU.ActiveCfg = Release|Any CPU
		{245A8A23-36F5-43AA-B2D1-BB098C40A30C}.Release|Any CPU.Build.0 = Release|Any CPU
		{DF151CE9-86A3-43B2-8E20-05497F2DCF19}.Debug|Any CPU.ActiveCfg = Debug|Any CPU
		{DF151CE9-86A3-43B2-8E20-05497F2DCF19}.Debug|Any CPU.Build.0 = Debug|Any CPU
		{DF151CE9-86A3-43B2-8E20-05497F2DCF19}.Release|Any CPU.ActiveCfg = Release|Any CPU
		{DF151CE9-86A3-43B2-8E20-05497F2DCF19}.Release|Any CPU.Build.0 = Release|Any CPU
		{68F0AE99-F5C8-4233-89F8-AB9CFCB1E980}.Debug|Any CPU.ActiveCfg = Debug|Any CPU
		{68F0AE99-F5C8-4233-89F8-AB9CFCB1E980}.Debug|Any CPU.Build.0 = Debug|Any CPU
		{68F0AE99-F5C8-4233-89F8-AB9CFCB1E980}.Release|Any CPU.ActiveCfg = Release|Any CPU
		{68F0AE99-F5C8-4233-89F8-AB9CFCB1E980}.Release|Any CPU.Build.0 = Release|Any CPU
		{5CA1F318-C6F0-4468-8AC4-A618E8B7443C}.Debug|Any CPU.ActiveCfg = Debug|Any CPU
		{5CA1F318-C6F0-4468-8AC4-A618E8B7443C}.Debug|Any CPU.Build.0 = Debug|Any CPU
		{5CA1F318-C6F0-4468-8AC4-A618E8B7443C}.Release|Any CPU.ActiveCfg = Release|Any CPU
		{5CA1F318-C6F0-4468-8AC4-A618E8B7443C}.Release|Any CPU.Build.0 = Release|Any CPU
		{A9D33593-8206-4DC1-83B8-42398632916A}.Debug|Any CPU.ActiveCfg = Debug|Any CPU
		{A9D33593-8206-4DC1-83B8-42398632916A}.Debug|Any CPU.Build.0 = Debug|Any CPU
		{A9D33593-8206-4DC1-83B8-42398632916A}.Release|Any CPU.ActiveCfg = Release|Any CPU
		{A9D33593-8206-4DC1-83B8-42398632916A}.Release|Any CPU.Build.0 = Release|Any CPU
		{E1557430-BEFA-45D3-AEA1-963AF0980FE8}.Debug|Any CPU.ActiveCfg = Debug|Any CPU
		{E1557430-BEFA-45D3-AEA1-963AF0980FE8}.Debug|Any CPU.Build.0 = Debug|Any CPU
		{E1557430-BEFA-45D3-AEA1-963AF0980FE8}.Release|Any CPU.ActiveCfg = Release|Any CPU
		{E1557430-BEFA-45D3-AEA1-963AF0980FE8}.Release|Any CPU.Build.0 = Release|Any CPU
		{1B8A1489-551D-481D-AA64-5A6F469BF858}.Debug|Any CPU.ActiveCfg = Debug|Any CPU
		{1B8A1489-551D-481D-AA64-5A6F469BF858}.Debug|Any CPU.Build.0 = Debug|Any CPU
		{1B8A1489-551D-481D-AA64-5A6F469BF858}.Release|Any CPU.ActiveCfg = Release|Any CPU
		{1B8A1489-551D-481D-AA64-5A6F469BF858}.Release|Any CPU.Build.0 = Release|Any CPU
		{8FB20E7F-25B8-4FB1-9FC5-FA916185F2DA}.Debug|Any CPU.ActiveCfg = Debug|Any CPU
		{8FB20E7F-25B8-4FB1-9FC5-FA916185F2DA}.Debug|Any CPU.Build.0 = Debug|Any CPU
		{8FB20E7F-25B8-4FB1-9FC5-FA916185F2DA}.Release|Any CPU.ActiveCfg = Release|Any CPU
		{8FB20E7F-25B8-4FB1-9FC5-FA916185F2DA}.Release|Any CPU.Build.0 = Release|Any CPU
		{CF439E98-F10E-4422-AC6A-7BAC780FFCE6}.Debug|Any CPU.ActiveCfg = Debug|Any CPU
		{CF439E98-F10E-4422-AC6A-7BAC780FFCE6}.Debug|Any CPU.Build.0 = Debug|Any CPU
		{CF439E98-F10E-4422-AC6A-7BAC780FFCE6}.Release|Any CPU.ActiveCfg = Release|Any CPU
		{CF439E98-F10E-4422-AC6A-7BAC780FFCE6}.Release|Any CPU.Build.0 = Release|Any CPU
		{4902C6CC-3107-41EC-AE74-E57DE128EF3B}.Debug|Any CPU.ActiveCfg = Debug|Any CPU
		{4902C6CC-3107-41EC-AE74-E57DE128EF3B}.Debug|Any CPU.Build.0 = Debug|Any CPU
		{4902C6CC-3107-41EC-AE74-E57DE128EF3B}.Release|Any CPU.ActiveCfg = Release|Any CPU
		{4902C6CC-3107-41EC-AE74-E57DE128EF3B}.Release|Any CPU.Build.0 = Release|Any CPU
		{DB6CAD2E-6FB2-4B3E-8B91-430D2E3E1DAB}.Debug|Any CPU.ActiveCfg = Debug|Any CPU
		{DB6CAD2E-6FB2-4B3E-8B91-430D2E3E1DAB}.Debug|Any CPU.Build.0 = Debug|Any CPU
		{DB6CAD2E-6FB2-4B3E-8B91-430D2E3E1DAB}.Release|Any CPU.ActiveCfg = Release|Any CPU
		{DB6CAD2E-6FB2-4B3E-8B91-430D2E3E1DAB}.Release|Any CPU.Build.0 = Release|Any CPU
		{A6DB6B40-47E6-419D-8D6B-7238B3771C53}.Debug|Any CPU.ActiveCfg = Debug|Any CPU
		{A6DB6B40-47E6-419D-8D6B-7238B3771C53}.Debug|Any CPU.Build.0 = Debug|Any CPU
		{A6DB6B40-47E6-419D-8D6B-7238B3771C53}.Release|Any CPU.ActiveCfg = Release|Any CPU
		{A6DB6B40-47E6-419D-8D6B-7238B3771C53}.Release|Any CPU.Build.0 = Release|Any CPU
		{F6BC6BA0-F163-4B43-8010-3B83E0561E96}.Debug|Any CPU.ActiveCfg = Debug|Any CPU
		{F6BC6BA0-F163-4B43-8010-3B83E0561E96}.Debug|Any CPU.Build.0 = Debug|Any CPU
		{F6BC6BA0-F163-4B43-8010-3B83E0561E96}.Release|Any CPU.ActiveCfg = Release|Any CPU
		{F6BC6BA0-F163-4B43-8010-3B83E0561E96}.Release|Any CPU.Build.0 = Release|Any CPU
		{4CD4A636-F1CB-49E7-8F95-89DE8A3A4A6F}.Debug|Any CPU.ActiveCfg = Debug|Any CPU
		{4CD4A636-F1CB-49E7-8F95-89DE8A3A4A6F}.Debug|Any CPU.Build.0 = Debug|Any CPU
		{4CD4A636-F1CB-49E7-8F95-89DE8A3A4A6F}.Release|Any CPU.ActiveCfg = Release|Any CPU
		{4CD4A636-F1CB-49E7-8F95-89DE8A3A4A6F}.Release|Any CPU.Build.0 = Release|Any CPU
		{CC3184BE-F51D-4D7E-8E38-99369E69707A}.Debug|Any CPU.ActiveCfg = Debug|Any CPU
		{CC3184BE-F51D-4D7E-8E38-99369E69707A}.Debug|Any CPU.Build.0 = Debug|Any CPU
		{CC3184BE-F51D-4D7E-8E38-99369E69707A}.Release|Any CPU.ActiveCfg = Release|Any CPU
		{CC3184BE-F51D-4D7E-8E38-99369E69707A}.Release|Any CPU.Build.0 = Release|Any CPU
	EndGlobalSection
	GlobalSection(SolutionProperties) = preSolution
		HideSolutionNode = FALSE
	EndGlobalSection
	GlobalSection(NestedProjects) = preSolution
		{E89FDE7A-7F98-4F92-BFAB-21E1BDB7DD76} = {696F8A49-8B7F-4FB5-BE92-5683A732BBEE}
		{05A5F4EF-8DCB-4953-A045-352FE2DF647C} = {696F8A49-8B7F-4FB5-BE92-5683A732BBEE}
		{0D6E73F4-B782-4138-A0F1-222705FE1204} = {696F8A49-8B7F-4FB5-BE92-5683A732BBEE}
		{81CF5D1E-8751-45A0-AE04-2362039751FB} = {16812C4A-121F-48FF-A088-39544D8FADD0}
		{B1B0640F-91BA-482A-855C-D8380390DAE7} = {16812C4A-121F-48FF-A088-39544D8FADD0}
		{9753E140-8A7D-4CD9-BF86-958BF109E648} = {16812C4A-121F-48FF-A088-39544D8FADD0}
		{CBC8F02F-1CEC-4466-AA14-98A6A1650ADE} = {2B144CB4-F256-4C31-AEBF-8A51F24D524C}
		{9D9A068D-2407-4A80-A71C-0D9E73E7B682} = {2B144CB4-F256-4C31-AEBF-8A51F24D524C}
		{94FAF080-ABB5-4F91-8A5E-4A058D412EF0} = {2B144CB4-F256-4C31-AEBF-8A51F24D524C}
		{245A8A23-36F5-43AA-B2D1-BB098C40A30C} = {A0785E1A-3E74-42A7-A060-4CDA394B1078}
		{DF151CE9-86A3-43B2-8E20-05497F2DCF19} = {A0785E1A-3E74-42A7-A060-4CDA394B1078}
		{68F0AE99-F5C8-4233-89F8-AB9CFCB1E980} = {A0785E1A-3E74-42A7-A060-4CDA394B1078}
		{5CA1F318-C6F0-4468-8AC4-A618E8B7443C} = {9F5E2372-7BFE-44C9-8546-D477FA295FD2}
		{A9D33593-8206-4DC1-83B8-42398632916A} = {9F5E2372-7BFE-44C9-8546-D477FA295FD2}
		{E1557430-BEFA-45D3-AEA1-963AF0980FE8} = {9F5E2372-7BFE-44C9-8546-D477FA295FD2}
		{1B8A1489-551D-481D-AA64-5A6F469BF858} = {2EC2D595-D97A-4742-8DBD-9DC67FB1ADB3}
		{8FB20E7F-25B8-4FB1-9FC5-FA916185F2DA} = {2EC2D595-D97A-4742-8DBD-9DC67FB1ADB3}
		{CF439E98-F10E-4422-AC6A-7BAC780FFCE6} = {2EC2D595-D97A-4742-8DBD-9DC67FB1ADB3}
		{4902C6CC-3107-41EC-AE74-E57DE128EF3B} = {5BA3D520-917E-4A89-AF69-5CD9D4CE9883}
		{DB6CAD2E-6FB2-4B3E-8B91-430D2E3E1DAB} = {5BA3D520-917E-4A89-AF69-5CD9D4CE9883}
		{A6DB6B40-47E6-419D-8D6B-7238B3771C53} = {5BA3D520-917E-4A89-AF69-5CD9D4CE9883}
		{F6BC6BA0-F163-4B43-8010-3B83E0561E96} = {D3E7E665-B085-4E24-88B9-332A1717B45F}
		{4CD4A636-F1CB-49E7-8F95-89DE8A3A4A6F} = {D3E7E665-B085-4E24-88B9-332A1717B45F}
		{CC3184BE-F51D-4D7E-8E38-99369E69707A} = {D3E7E665-B085-4E24-88B9-332A1717B45F}
	EndGlobalSection
	GlobalSection(ExtensibilityGlobals) = postSolution
		SolutionGuid = {56F42473-4EF0-4B30-99E0-E6A02282D03C}
	EndGlobalSection
EndGlobal
